
Microsoft Visual Studio Solution File, Format Version 12.00
# Visual Studio Version 16
VisualStudioVersion = 16.0.31112.23
MinimumVisualStudioVersion = 10.0.40219.1
Project("{FAE04EC0-301F-11D3-BF4B-00C04F79EFBC}") = "TP4-MonteCarlo-grupo7", "TP4-MonteCarlo-grupo7\TP4-MonteCarlo-grupo7.csproj", "{EA83BE6E-CDA8-4194-A4AC-D14CD9477E3B}"
EndProject
Global
	GlobalSection(SolutionConfigurationPlatforms) = preSolution
		Debug|Any CPU = Debug|Any CPU
		Release|Any CPU = Release|Any CPU
	EndGlobalSection
	GlobalSection(ProjectConfigurationPlatforms) = postSolution
		{EA83BE6E-CDA8-4194-A4AC-D14CD9477E3B}.Debug|Any CPU.ActiveCfg = Debug|Any CPU
		{EA83BE6E-CDA8-4194-A4AC-D14CD9477E3B}.Debug|Any CPU.Build.0 = Debug|Any CPU
		{EA83BE6E-CDA8-4194-A4AC-D14CD9477E3B}.Release|Any CPU.ActiveCfg = Release|Any CPU
		{EA83BE6E-CDA8-4194-A4AC-D14CD9477E3B}.Release|Any CPU.Build.0 = Release|Any CPU
	EndGlobalSection
	GlobalSection(SolutionProperties) = preSolution
		HideSolutionNode = FALSE
	EndGlobalSection
	GlobalSection(ExtensibilityGlobals) = postSolution
		SolutionGuid = {6F1FD97B-F6B2-4532-AA72-1DC1DAF5A2DB}
	EndGlobalSection
EndGlobal
